[[package]]
category = "main"
description = "FastAPI framework, high performance, easy to learn, fast to code, ready for production"
name = "fastapi"
optional = false
python-versions = ">=3.6"
version = "0.46.0"

[package.dependencies]
pydantic = ">=0.32.2,<2.0.0"
starlette = "0.12.9"

[package.extras]
all = ["requests", "aiofiles", "jinja2", "python-multipart", "itsdangerous", "pyyaml", "graphene", "ujson", "email-validator", "uvicorn", "async-exit-stack", "async-generator"]
dev = ["pyjwt", "passlib"]
doc = ["mkdocs", "mkdocs-material", "markdown-include"]
test = ["pytest (>=4.0.0)", "pytest-cov", "mypy", "black", "isort", "requests", "email-validator", "sqlalchemy", "peewee", "databases", "orjson", "async-exit-stack", "async-generator"]

[[package]]
category = "main"
description = "Data validation and settings management using python 3.6 type hinting"
name = "pydantic"
optional = false
python-versions = ">=3.6"
version = "1.3"

[package.extras]
email = ["email-validator (>=1.0.3)"]
typing_extensions = ["typing-extensions (>=3.7.2)"]

[[package]]
category = "main"
description = "The little ASGI library that shines."
name = "starlette"
optional = false
python-versions = ">=3.6"
version = "0.12.9"

[package.extras]
full = ["aiofiles", "graphene", "itsdangerous", "jinja2", "python-multipart", "pyyaml", "requests", "ujson"]

[metadata]
content-hash = "257eb442c556060f2877ea347fe42c30805356ea27529a67dbe374c910038a0e"
python-versions = "^3.8"

[metadata.files]
fastapi = [
    {file = "fastapi-0.46.0-py3-none-any.whl", hash = "sha256:7f8d795be11e21675b6843424b378fe2ec95a14cecba1c53c68471412cca28c7"},
    {file = "fastapi-0.46.0.tar.gz", hash = "sha256:6c9b919f2ed742d2ad78e6dce5ad1be761e67292b838ba114cb525ec784d10a1"},
]
pydantic = [
    {file = "pydantic-1.3-cp36-cp36m-manylinux1_i686.whl", hash = "sha256:dd9359db7644317898816f6142f378aa48848dcc5cf14a481236235fde11a148"},
    {file = "pydantic-1.3-cp36-cp36m-manylinux1_x86_64.whl", hash = "sha256:cbe284bd5ad67333d49ecc0dc27fa52c25b4c2fe72802a5c060b5f922db58bef"},
    {file = "pydantic-1.3-cp36-cp36m-manylinux2010_i686.whl", hash = "sha256:2b32a5f14558c36e39aeefda0c550bfc0f47fc32b4ce16d80dc4df2b33838ed8"},
    {file = "pydantic-1.3-cp36-cp36m-manylinux2010_x86_64.whl", hash = "sha256:59235324dd7dc5363a654cd14271ea8631f1a43de5d4fc29c782318fcc498002"},
    {file = "pydantic-1.3-cp37-cp37m-manylinux1_i686.whl", hash = "sha256:176885123dfdd8f7ab6e7ba1b66d4197de75ba830bb44d921af88b3d977b8aa5"},
    {file = "pydantic-1.3-cp37-cp37m-manylinux1_x86_64.whl", hash = "sha256:d4bb6a75abc2f04f6993124f1ed4221724c9dc3bd9df5cb54132e0b68775d375"},
    {file = "pydantic-1.3-cp37-cp37m-manylinux2010_i686.whl", hash = "sha256:8a8e089aec18c26561e09ee6daf15a3cc06df05bdc67de60a8684535ef54562f"},
    {file = "pydantic-1.3-cp37-cp37m-manylinux2010_x86_64.whl", hash = "sha256:479ca8dc7cc41418751bf10302ee0a1b1f8eedb2de6c4f4c0f3cf8372b204f9a"},
    {file = "pydantic-1.3-cp38-cp38-manylinux1_i686.whl", hash = "sha256:87673d1de790c8d5282153cab0b09271be77c49aabcedf3ac5ab1a1fd4dcbac0"},
    {file = "pydantic-1.3-cp38-cp38-manylinux1_x86_64.whl", hash = "sha256:dacb79144bb3fdb57cf9435e1bd16c35586bc44256215cfaa33bf21565d926ae"},
    {file = "pydantic-1.3-cp38-cp38-manylinux2010_i686.whl", hash = "sha256:c0da48978382c83f9488c6bbe4350e065ea5c83e85ca5cfb8fa14ac11de3c296"},
    {file = "pydantic-1.3-cp38-cp38-manylinux2010_x86_64.whl", hash = "sha256:b60f2b3b0e0dd74f1800a57d1bbd597839d16faf267e45fa4a5407b15d311085"},
    {file = "pydantic-1.3-py36.py37.py38-none-any.whl", hash = "sha256:d03df07b7611004140b0fef91548878c2b5f48c520a8cb76d11d20e9887a495e"},
    {file = "pydantic-1.3.tar.gz", hash = "sha256:2eab7d548b0e530bf65bee7855ad8164c2f6a889975d5e9c4eefd1e7c98245dc"},
]
starlette = [
    {file = "starlette-0.12.9.tar.gz", hash = "sha256:c2ac9a42e0e0328ad20fe444115ac5e3760c1ee2ac1ff8cdb5ec915c4a453411"},
]
